
Microsoft Visual Studio Solution File, Format Version 12.00
# Visual Studio Version 17
VisualStudioVersion = 17.5.33530.505
MinimumVisualStudioVersion = 10.0.40219.1
Project("{FAE04EC0-301F-11D3-BF4B-00C04F79EFBC}") = "tirsdag9.mai", "tirsdag9.mai\tirsdag9.mai.csproj", "{9AD6925E-19F9-4EF1-8F59-4B89994CB232}"
EndProject
Global
	GlobalSection(SolutionConfigurationPlatforms) = preSolution
		Debug|Any CPU = Debug|Any CPU
		Release|Any CPU = Release|Any CPU
	EndGlobalSection
	GlobalSection(ProjectConfigurationPlatforms) = postSolution
		{9AD6925E-19F9-4EF1-8F59-4B89994CB232}.Debug|Any CPU.ActiveCfg = Debug|Any CPU
		{9AD6925E-19F9-4EF1-8F59-4B89994CB232}.Debug|Any CPU.Build.0 = Debug|Any CPU
		{9AD6925E-19F9-4EF1-8F59-4B89994CB232}.Release|Any CPU.ActiveCfg = Release|Any CPU
		{9AD6925E-19F9-4EF1-8F59-4B89994CB232}.Release|Any CPU.Build.0 = Release|Any CPU
	EndGlobalSection
	GlobalSection(SolutionProperties) = preSolution
		HideSolutionNode = FALSE
	EndGlobalSection
	GlobalSection(ExtensibilityGlobals) = postSolution
		SolutionGuid = {C7BDA1FE-1EBA-4B34-B0EF-9863CE04FEC6}
	EndGlobalSection
EndGlobal
